<?xml version="1.0" encoding="utf-8"?>
<Project ToolsVersion="4.0" xmlns="http://schemas.microsoft.com/developer/msbuild/2003">
  <ItemGroup>
    <ClCompile Include="main.cpp" />
    <ClCompile Include="logger.cpp" />
    <ClCompile Include="BfxBotConfig.cpp" />
    <ClCompile Include="BfxLibrary.cpp" />
    <ClCompile Include="BfxFundingBotMain.cpp" />
  </ItemGroup>
  <ItemGroup>
    <ClInclude Include="rapidjson\error\en.h" />
    <ClInclude Include="rapidjson\error\error.h" />
    <ClInclude Include="rapidjson\internal\biginteger.h" />
    <ClInclude Include="rapidjson\internal\diyfp.h" />
    <ClInclude Include="rapidjson\internal\dtoa.h" />
    <ClInclude Include="rapidjson\internal\ieee754.h" />
    <ClInclude Include="rapidjson\internal\itoa.h" />
    <ClInclude Include="rapidjson\internal\meta.h" />
    <ClInclude Include="rapidjson\internal\pow10.h" />
    <ClInclude Include="rapidjson\internal\regex.h" />
    <ClInclude Include="rapidjson\internal\stack.h" />
    <ClInclude Include="rapidjson\internal\strfunc.h" />
    <ClInclude Include="rapidjson\internal\strtod.h" />
    <ClInclude Include="rapidjson\internal\swap.h" />
    <ClInclude Include="rapidjson\msinttypes\inttypes.h" />
    <ClInclude Include="rapidjson\msinttypes\stdint.h" />
    <ClInclude Include="rapidjson\allocators.h" />
    <ClInclude Include="rapidjson\cursorstreamwrapper.h" />
    <ClInclude Include="rapidjson\document.h" />
    <ClInclude Include="rapidjson\encodedstream.h" />
    <ClInclude Include="rapidjson\encodings.h" />
    <ClInclude Include="rapidjson\filereadstream.h" />
    <ClInclude Include="rapidjson\filewritestream.h" />
    <ClInclude Include="rapidjson\fwd.h" />
    <ClInclude Include="rapidjson\istreamwrapper.h" />
    <ClInclude Include="rapidjson\memorybuffer.h" />
    <ClInclude Include="rapidjson\memorystream.h" />
    <ClInclude Include="rapidjson\ostreamwrapper.h" />
    <ClInclude Include="rapidjson\pointer.h" />
    <ClInclude Include="rapidjson\prettywriter.h" />
    <ClInclude Include="rapidjson\rapidjson.h" />
    <ClInclude Include="rapidjson\reader.h" />
    <ClInclude Include="rapidjson\schema.h" />
    <ClInclude Include="rapidjson\stream.h" />
    <ClInclude Include="rapidjson\stringbuffer.h" />
    <ClInclude Include="rapidjson\writer.h" />
    <ClInclude Include="logger.h" />
    <ClInclude Include="global.h" />
    <ClInclude Include="BfxBotConfig.h" />
    <ClInclude Include="BfxLibrary.h" />
    <ClInclude Include="BfxFundingBotMain.h" />
  </ItemGroup>
</Project>